// !$*UTF8*$!
{
	archiveVersion = 1;
	classes = {
	};
	objectVersion = 77;
	objects = {

/* Begin PBXBuildFile section */
		6A00C0852EA8C12E009B29DF /* Gulgle Extension.appex in Embed Foundation Extensions */ = {isa = PBXBuildFile; fileRef = 6A00C0842EA8C12E009B29DF /* Gulgle Extension.appex */; settings = {ATTRIBUTES = (RemoveHeadersOnCopy, ); }; };
		6A00C08F2EA8C12E009B29DF /* Gulgle Extension.appex in Embed Foundation Extensions */ = {isa = PBXBuildFile; fileRef = 6A00C08E2EA8C12E009B29DF /* Gulgle Extension.appex */; settings = {ATTRIBUTES = (RemoveHeadersOnCopy, ); }; };
/* End PBXBuildFile section */

/* Begin PBXContainerItemProxy section */
		6A00C0862EA8C12E009B29DF /* PBXContainerItemProxy */ = {
			isa = PBXContainerItemProxy;
			containerPortal = 6A00C04B2EA8C12C009B29DF /* Project object */;
			proxyType = 1;
			remoteGlobalIDString = 6A00C0832EA8C12E009B29DF;
			remoteInfo = "Gulgle Extension (iOS)";
		};
		6A00C0902EA8C12E009B29DF /* PBXContainerItemProxy */ = {
			isa = PBXContainerItemProxy;
			containerPortal = 6A00C04B2EA8C12C009B29DF /* Project object */;
			proxyType = 1;
			remoteGlobalIDString = 6A00C08D2EA8C12E009B29DF;
			remoteInfo = "Gulgle Extension (macOS)";
		};
/* End PBXContainerItemProxy section */

/* Begin PBXCopyFilesBuildPhase section */
		6A00C0B72EA8C12E009B29DF /* Embed Foundation Extensions */ = {
			isa = PBXCopyFilesBuildPhase;
			buildActionMask = 2147483647;
			dstPath = "";
			dstSubfolderSpec = 13;
			files = (
				6A00C0852EA8C12E009B29DF /* Gulgle Extension.appex in Embed Foundation Extensions */,
			);
			name = "Embed Foundation Extensions";
			runOnlyForDeploymentPostprocessing = 0;
		};
		6A00C0C12EA8C12E009B29DF /* Embed Foundation Extensions */ = {
			isa = PBXCopyFilesBuildPhase;
			buildActionMask = 2147483647;
			dstPath = "";
			dstSubfolderSpec = 13;
			files = (
				6A00C08F2EA8C12E009B29DF /* Gulgle Extension.appex in Embed Foundation Extensions */,
			);
			name = "Embed Foundation Extensions";
			runOnlyForDeploymentPostprocessing = 0;
		};
/* End PBXCopyFilesBuildPhase section */

/* Begin PBXFileReference section */
		6A00C0672EA8C12E009B29DF /* Gulgle.app */ = {isa = PBXFileReference; explicitFileType = wrapper.application; includeInIndex = 0; path = Gulgle.app; sourceTree = BUILT_PRODUCTS_DIR; };
		6A00C0792EA8C12E009B29DF /* Gulgle.app */ = {isa = PBXFileReference; explicitFileType = wrapper.application; includeInIndex = 0; path = Gulgle.app; sourceTree = BUILT_PRODUCTS_DIR; };
		6A00C0842EA8C12E009B29DF /* Gulgle Extension.appex */ = {isa = PBXFileReference; explicitFileType = "wrapper.app-extension"; includeInIndex = 0; path = "Gulgle Extension.appex"; sourceTree = BUILT_PRODUCTS_DIR; };
		6A00C08E2EA8C12E009B29DF /* Gulgle Extension.appex */ = {isa = PBXFileReference; explicitFileType = "wrapper.app-extension"; includeInIndex = 0; path = "Gulgle Extension.appex"; sourceTree = BUILT_PRODUCTS_DIR; };
		6A64B41D2EABB8120038729B /* Gulgle (iOS).entitlements */ = {isa = PBXFileReference; lastKnownFileType = text.plist.entitlements; path = "Gulgle (iOS).entitlements"; sourceTree = "<group>"; };
		6A64B41E2EABB84D0038729B /* Gulgle (macOS).entitlements */ = {isa = PBXFileReference; lastKnownFileType = text.plist.entitlements; path = "Gulgle (macOS).entitlements"; sourceTree = "<group>"; };
		6A64B41F2EABB8570038729B /* Gulgle Extension (iOS).entitlements */ = {isa = PBXFileReference; lastKnownFileType = text.plist.entitlements; path = "Gulgle Extension (iOS).entitlements"; sourceTree = "<group>"; };
		6A64B4202EABB8610038729B /* Gulgle Extension (macOS).entitlements */ = {isa = PBXFileReference; lastKnownFileType = text.plist.entitlements; path = "Gulgle Extension (macOS).entitlements"; sourceTree = "<group>"; };
		6AD296462EBE3937002BF23D /* Gulgle--macOS--Info.plist */ = {isa = PBXFileReference; lastKnownFileType = text.plist; path = "Gulgle--macOS--Info.plist"; sourceTree = "<group>"; };
/* End PBXFileReference section */

/* Begin PBXFileSystemSynchronizedBuildFileExceptionSet section */
		6A00C0B62EA8C12E009B29DF /* Exceptions for "iOS (Extension)" folder in "Gulgle Extension (iOS)" target */ = {
			isa = PBXFileSystemSynchronizedBuildFileExceptionSet;
			membershipExceptions = (
				Info.plist,
			);
			target = 6A00C0832EA8C12E009B29DF /* Gulgle Extension (iOS) */;
		};
		6A00C0BB2EA8C12E009B29DF /* Exceptions for "iOS (App)" folder in "Gulgle (iOS)" target */ = {
			isa = PBXFileSystemSynchronizedBuildFileExceptionSet;
			membershipExceptions = (
				Info.plist,
			);
			target = 6A00C0662EA8C12E009B29DF /* Gulgle (iOS) */;
		};
		6A00C0C02EA8C12E009B29DF /* Exceptions for "macOS (Extension)" folder in "Gulgle Extension (macOS)" target */ = {
			isa = PBXFileSystemSynchronizedBuildFileExceptionSet;
			membershipExceptions = (
				Info.plist,
			);
			target = 6A00C08D2EA8C12E009B29DF /* Gulgle Extension (macOS) */;
		};
/* End PBXFileSystemSynchronizedBuildFileExceptionSet section */

/* Begin PBXFileSystemSynchronizedRootGroup section */
		6A00C04F2EA8C12C009B29DF /* Shared (App) */ = {
			isa = PBXFileSystemSynchronizedRootGroup;
			path = "Shared (App)";
			sourceTree = "<group>";
		};
		6A00C0582EA8C12E009B29DF /* Shared (Extension) */ = {
			isa = PBXFileSystemSynchronizedRootGroup;
			explicitFolders = (
				Resources/_locales,
				Resources/images,
			);
			path = "Shared (Extension)";
			sourceTree = "<group>";
		};
		6A00C0692EA8C12E009B29DF /* iOS (App) */ = {
			isa = PBXFileSystemSynchronizedRootGroup;
			exceptions = (
				6A00C0BB2EA8C12E009B29DF /* Exceptions for "iOS (App)" folder in "Gulgle (iOS)" target */,
			);
			path = "iOS (App)";
			sourceTree = "<group>";
		};
		6A00C07A2EA8C12E009B29DF /* macOS (App) */ = {
			isa = PBXFileSystemSynchronizedRootGroup;
			path = "macOS (App)";
			sourceTree = "<group>";
		};
		6A00C0882EA8C12E009B29DF /* iOS (Extension) */ = {
			isa = PBXFileSystemSynchronizedRootGroup;
			exceptions = (
				6A00C0B62EA8C12E009B29DF /* Exceptions for "iOS (Extension)" folder in "Gulgle Extension (iOS)" target */,
			);
			path = "iOS (Extension)";
			sourceTree = "<group>";
		};
		6A00C0922EA8C12E009B29DF /* macOS (Extension) */ = {
			isa = PBXFileSystemSynchronizedRootGroup;
			exceptions = (
				6A00C0C02EA8C12E009B29DF /* Exceptions for "macOS (Extension)" folder in "Gulgle Extension (macOS)" target */,
			);
			path = "macOS (Extension)";
			sourceTree = "<group>";
		};
/* End PBXFileSystemSynchronizedRootGroup section */

/* Begin PBXFrameworksBuildPhase section */
		6A00C0642EA8C12E009B29DF /* Frameworks */ = {
			isa = PBXFrameworksBuildPhase;
			buildActionMask = 2147483647;
			files = (
			);
			runOnlyForDeploymentPostprocessing = 0;
		};
		6A00C0762EA8C12E009B29DF /* Frameworks */ = {
			isa = PBXFrameworksBuildPhase;
			buildActionMask = 2147483647;
			files = (
			);
			runOnlyForDeploymentPostprocessing = 0;
		};
		6A00C0812EA8C12E009B29DF /* Frameworks */ = {
			isa = PBXFrameworksBuildPhase;
			buildActionMask = 2147483647;
			files = (
			);
			runOnlyForDeploymentPostprocessing = 0;
		};
		6A00C08B2EA8C12E009B29DF /* Frameworks */ = {
			isa = PBXFrameworksBuildPhase;
			buildActionMask = 2147483647;
			files = (
			);
			runOnlyForDeploymentPostprocessing = 0;
		};
/* End PBXFrameworksBuildPhase section */

/* Begin PBXGroup section */
		6A00C04A2EA8C12C009B29DF = {
			isa = PBXGroup;
			children = (
				6AD296462EBE3937002BF23D /* Gulgle--macOS--Info.plist */,
				6A64B4202EABB8610038729B /* Gulgle Extension (macOS).entitlements */,
				6A64B41F2EABB8570038729B /* Gulgle Extension (iOS).entitlements */,
				6A64B41E2EABB84D0038729B /* Gulgle (macOS).entitlements */,
				6A64B41D2EABB8120038729B /* Gulgle (iOS).entitlements */,
				6A00C04F2EA8C12C009B29DF /* Shared (App) */,
				6A00C0582EA8C12E009B29DF /* Shared (Extension) */,
				6A00C0692EA8C12E009B29DF /* iOS (App) */,
				6A00C07A2EA8C12E009B29DF /* macOS (App) */,
				6A00C0882EA8C12E009B29DF /* iOS (Extension) */,
				6A00C0922EA8C12E009B29DF /* macOS (Extension) */,
				6A00C0682EA8C12E009B29DF /* Products */,
			);
			sourceTree = "<group>";
		};
		6A00C0682EA8C12E009B29DF /* Products */ = {
			isa = PBXGroup;
			children = (
				6A00C0672EA8C12E009B29DF /* Gulgle.app */,
				6A00C0792EA8C12E009B29DF /* Gulgle.app */,
				6A00C0842EA8C12E009B29DF /* Gulgle Extension.appex */,
				6A00C08E2EA8C12E009B29DF /* Gulgle Extension.appex */,
			);
			name = Products;
			sourceTree = "<group>";
		};
/* End PBXGroup section */

/* Begin PBXNativeTarget section */
		6A00C0662EA8C12E009B29DF /* Gulgle (iOS) */ = {
			isa = PBXNativeTarget;
			buildConfigurationList = 6A00C0B82EA8C12E009B29DF /* Build configuration list for PBXNativeTarget "Gulgle (iOS)" */;
			buildPhases = (
				6A00C0632EA8C12E009B29DF /* Sources */,
				6A00C0642EA8C12E009B29DF /* Frameworks */,
				6A00C0652EA8C12E009B29DF /* Resources */,
				6A00C0B72EA8C12E009B29DF /* Embed Foundation Extensions */,
			);
			buildRules = (
			);
			dependencies = (
				6A00C0872EA8C12E009B29DF /* PBXTargetDependency */,
			);
			fileSystemSynchronizedGroups = (
				6A00C04F2EA8C12C009B29DF /* Shared (App) */,
				6A00C0582EA8C12E009B29DF /* Shared (Extension) */,
				6A00C0692EA8C12E009B29DF /* iOS (App) */,
			);
			name = "Gulgle (iOS)";
			packageProductDependencies = (
			);
			productName = "Gulgle (iOS)";
			productReference = 6A00C0672EA8C12E009B29DF /* Gulgle.app */;
			productType = "com.apple.product-type.application";
		};
		6A00C0782EA8C12E009B29DF /* Gulgle (macOS) */ = {
			isa = PBXNativeTarget;
			buildConfigurationList = 6A00C0C22EA8C12E009B29DF /* Build configuration list for PBXNativeTarget "Gulgle (macOS)" */;
			buildPhases = (
				6A00C0752EA8C12E009B29DF /* Sources */,
				6A00C0762EA8C12E009B29DF /* Frameworks */,
				6A00C0772EA8C12E009B29DF /* Resources */,
				6A00C0C12EA8C12E009B29DF /* Embed Foundation Extensions */,
			);
			buildRules = (
			);
			dependencies = (
				6A00C0912EA8C12E009B29DF /* PBXTargetDependency */,
			);
			fileSystemSynchronizedGroups = (
				6A00C04F2EA8C12C009B29DF /* Shared (App) */,
				6A00C0582EA8C12E009B29DF /* Shared (Extension) */,
				6A00C07A2EA8C12E009B29DF /* macOS (App) */,
			);
			name = "Gulgle (macOS)";
			packageProductDependencies = (
			);
			productName = "Gulgle (macOS)";
			productReference = 6A00C0792EA8C12E009B29DF /* Gulgle.app */;
			productType = "com.apple.product-type.application";
		};
		6A00C0832EA8C12E009B29DF /* Gulgle Extension (iOS) */ = {
			isa = PBXNativeTarget;
			buildConfigurationList = 6A00C0B32EA8C12E009B29DF /* Build configuration list for PBXNativeTarget "Gulgle Extension (iOS)" */;
			buildPhases = (
				6A00C0802EA8C12E009B29DF /* Sources */,
				6A00C0812EA8C12E009B29DF /* Frameworks */,
				6A00C0822EA8C12E009B29DF /* Resources */,
			);
			buildRules = (
			);
			dependencies = (
			);
			fileSystemSynchronizedGroups = (
				6A00C0582EA8C12E009B29DF /* Shared (Extension) */,
				6A00C0882EA8C12E009B29DF /* iOS (Extension) */,
			);
			name = "Gulgle Extension (iOS)";
			packageProductDependencies = (
			);
			productName = "Gulgle Extension (iOS)";
			productReference = 6A00C0842EA8C12E009B29DF /* Gulgle Extension.appex */;
			productType = "com.apple.product-type.app-extension";
		};
		6A00C08D2EA8C12E009B29DF /* Gulgle Extension (macOS) */ = {
			isa = PBXNativeTarget;
			buildConfigurationList = 6A00C0BD2EA8C12E009B29DF /* Build configuration list for PBXNativeTarget "Gulgle Extension (macOS)" */;
			buildPhases = (
				6A00C08A2EA8C12E009B29DF /* Sources */,
				6A00C08B2EA8C12E009B29DF /* Frameworks */,
				6A00C08C2EA8C12E009B29DF /* Resources */,
			);
			buildRules = (
			);
			dependencies = (
			);
			fileSystemSynchronizedGroups = (
				6A00C0582EA8C12E009B29DF /* Shared (Extension) */,
				6A00C0922EA8C12E009B29DF /* macOS (Extension) */,
			);
			name = "Gulgle Extension (macOS)";
			packageProductDependencies = (
			);
			productName = "Gulgle Extension (macOS)";
			productReference = 6A00C08E2EA8C12E009B29DF /* Gulgle Extension.appex */;
			productType = "com.apple.product-type.app-extension";
		};
/* End PBXNativeTarget section */

/* Begin PBXProject section */
		6A00C04B2EA8C12C009B29DF /* Project object */ = {
			isa = PBXProject;
			attributes = {
				BuildIndependentTargetsInParallel = 1;
				LastSwiftUpdateCheck = 2600;
				LastUpgradeCheck = 2600;
				TargetAttributes = {
					6A00C0662EA8C12E009B29DF = {
						CreatedOnToolsVersion = 26.0.1;
					};
					6A00C0782EA8C12E009B29DF = {
						CreatedOnToolsVersion = 26.0.1;
					};
					6A00C0832EA8C12E009B29DF = {
						CreatedOnToolsVersion = 26.0.1;
					};
					6A00C08D2EA8C12E009B29DF = {
						CreatedOnToolsVersion = 26.0.1;
					};
				};
			};
			buildConfigurationList = 6A00C04E2EA8C12C009B29DF /* Build configuration list for PBXProject "Gulgle" */;
			developmentRegion = en;
			hasScannedForEncodings = 0;
			knownRegions = (
				en,
				Base,
			);
			mainGroup = 6A00C04A2EA8C12C009B29DF;
			minimizedProjectReferenceProxies = 1;
			preferredProjectObjectVersion = 77;
			productRefGroup = 6A00C0682EA8C12E009B29DF /* Products */;
			projectDirPath = "";
			projectRoot = "";
			targets = (
				6A00C0662EA8C12E009B29DF /* Gulgle (iOS) */,
				6A00C0782EA8C12E009B29DF /* Gulgle (macOS) */,
				6A00C0832EA8C12E009B29DF /* Gulgle Extension (iOS) */,
				6A00C08D2EA8C12E009B29DF /* Gulgle Extension (macOS) */,
			);
		};
/* End PBXProject section */

/* Begin PBXResourcesBuildPhase section */
		6A00C0652EA8C12E009B29DF /* Resources */ = {
			isa = PBXResourcesBuildPhase;
			buildActionMask = 2147483647;
			files = (
			);
			runOnlyForDeploymentPostprocessing = 0;
		};
		6A00C0772EA8C12E009B29DF /* Resources */ = {
			isa = PBXResourcesBuildPhase;
			buildActionMask = 2147483647;
			files = (
			);
			runOnlyForDeploymentPostprocessing = 0;
		};
		6A00C0822EA8C12E009B29DF /* Resources */ = {
			isa = PBXResourcesBuildPhase;
			buildActionMask = 2147483647;
			files = (
			);
			runOnlyForDeploymentPostprocessing = 0;
		};
		6A00C08C2EA8C12E009B29DF /* Resources */ = {
			isa = PBXResourcesBuildPhase;
			buildActionMask = 2147483647;
			files = (
			);
			runOnlyForDeploymentPostprocessing = 0;
		};
/* End PBXResourcesBuildPhase section */

/* Begin PBXSourcesBuildPhase section */
		6A00C0632EA8C12E009B29DF /* Sources */ = {
			isa = PBXSourcesBuildPhase;
			buildActionMask = 2147483647;
			files = (
			);
			runOnlyForDeploymentPostprocessing = 0;
		};
		6A00C0752EA8C12E009B29DF /* Sources */ = {
			isa = PBXSourcesBuildPhase;
			buildActionMask = 2147483647;
			files = (
			);
			runOnlyForDeploymentPostprocessing = 0;
		};
		6A00C0802EA8C12E009B29DF /* Sources */ = {
			isa = PBXSourcesBuildPhase;
			buildActionMask = 2147483647;
			files = (
			);
			runOnlyForDeploymentPostprocessing = 0;
		};
		6A00C08A2EA8C12E009B29DF /* Sources */ = {
			isa = PBXSourcesBuildPhase;
			buildActionMask = 2147483647;
			files = (
			);
			runOnlyForDeploymentPostprocessing = 0;
		};
/* End PBXSourcesBuildPhase section */

/* Begin PBXTargetDependency section */
		6A00C0872EA8C12E009B29DF /* PBXTargetDependency */ = {
			isa = PBXTargetDependency;
			target = 6A00C0832EA8C12E009B29DF /* Gulgle Extension (iOS) */;
			targetProxy = 6A00C0862EA8C12E009B29DF /* PBXContainerItemProxy */;
		};
		6A00C0912EA8C12E009B29DF /* PBXTargetDependency */ = {
			isa = PBXTargetDependency;
			target = 6A00C08D2EA8C12E009B29DF /* Gulgle Extension (macOS) */;
			targetProxy = 6A00C0902EA8C12E009B29DF /* PBXContainerItemProxy */;
		};
/* End PBXTargetDependency section */

/* Begin XCBuildConfiguration section */
		6A00C0B42EA8C12E009B29DF /* Debug */ = {
			isa = XCBuildConfiguration;
			buildSettings = {
				CODE_SIGN_ENTITLEMENTS = "Gulgle Extension (iOS).entitlements";
				CODE_SIGN_STYLE = Automatic;
				CURRENT_PROJECT_VERSION = 1;
				DEVELOPMENT_TEAM = LD3QU8QFFS;
				GENERATE_INFOPLIST_FILE = YES;
				INFOPLIST_FILE = "iOS (Extension)/Info.plist";
				INFOPLIST_KEY_CFBundleDisplayName = "Gulgle Extension";
				INFOPLIST_KEY_NSHumanReadableCopyright = "";
				IPHONEOS_DEPLOYMENT_TARGET = 16.6;
				LD_RUNPATH_SEARCH_PATHS = (
					"$(inherited)",
					"@executable_path/Frameworks",
					"@executable_path/../../Frameworks",
				);
				MARKETING_VERSION = 1.0;
				OTHER_LDFLAGS = (
					"-framework",
					SafariServices,
				);
				PRODUCT_BUNDLE_IDENTIFIER = link.gulgle.Gulgle.Extension;
				PRODUCT_NAME = "Gulgle Extension";
				SDKROOT = iphoneos;
				SKIP_INSTALL = YES;
				STRING_CATALOG_GENERATE_SYMBOLS = YES;
				SWIFT_APPROACHABLE_CONCURRENCY = YES;
				SWIFT_EMIT_LOC_STRINGS = YES;
				SWIFT_UPCOMING_FEATURE_MEMBER_IMPORT_VISIBILITY = YES;
				SWIFT_VERSION = 5.0;
				TARGETED_DEVICE_FAMILY = "1,2";
			};
			name = Debug;
		};
		6A00C0B52EA8C12E009B29DF /* Release */ = {
			isa = XCBuildConfiguration;
			buildSettings = {
				CODE_SIGN_ENTITLEMENTS = "Gulgle Extension (iOS).entitlements";
				CODE_SIGN_STYLE = Automatic;
				CURRENT_PROJECT_VERSION = 1;
				DEVELOPMENT_TEAM = LD3QU8QFFS;
				GENERATE_INFOPLIST_FILE = YES;
				INFOPLIST_FILE = "iOS (Extension)/Info.plist";
				INFOPLIST_KEY_CFBundleDisplayName = "Gulgle Extension";
				INFOPLIST_KEY_NSHumanReadableCopyright = "";
				IPHONEOS_DEPLOYMENT_TARGET = 16.6;
				LD_RUNPATH_SEARCH_PATHS = (
					"$(inherited)",
					"@executable_path/Frameworks",
					"@executable_path/../../Frameworks",
				);
				MARKETING_VERSION = 1.0;
				OTHER_LDFLAGS = (
					"-framework",
					SafariServices,
				);
				PRODUCT_BUNDLE_IDENTIFIER = link.gulgle.Gulgle.Extension;
				PRODUCT_NAME = "Gulgle Extension";
				SDKROOT = iphoneos;
				SKIP_INSTALL = YES;
				STRING_CATALOG_GENERATE_SYMBOLS = YES;
				SWIFT_APPROACHABLE_CONCURRENCY = YES;
				SWIFT_EMIT_LOC_STRINGS = YES;
				SWIFT_UPCOMING_FEATURE_MEMBER_IMPORT_VISIBILITY = YES;
				SWIFT_VERSION = 5.0;
				TARGETED_DEVICE_FAMILY = "1,2";
				VALIDATE_PRODUCT = YES;
			};
			name = Release;
		};
		6A00C0B92EA8C12E009B29DF /* Debug */ = {
			isa = XCBuildConfiguration;
			buildSettings = {
				ASSETCATALOG_COMPILER_APPICON_NAME = Gulgle;
				ASSETCATALOG_COMPILER_GLOBAL_ACCENT_COLOR_NAME = AccentColor;
				CODE_SIGN_ENTITLEMENTS = "Gulgle (iOS).entitlements";
				CODE_SIGN_STYLE = Automatic;
				CURRENT_PROJECT_VERSION = 1;
				DEVELOPMENT_TEAM = LD3QU8QFFS;
				GENERATE_INFOPLIST_FILE = YES;
				INFOPLIST_FILE = "iOS (App)/Info.plist";
				INFOPLIST_KEY_CFBundleDisplayName = Gulgle;
				INFOPLIST_KEY_ITSAppUsesNonExemptEncryption = NO;
				INFOPLIST_KEY_LSApplicationCategoryType = "public.app-category.utilities";
				INFOPLIST_KEY_UIApplicationSupportsIndirectInputEvents = YES;
				INFOPLIST_KEY_UILaunchStoryboardName = LaunchScreen;
				INFOPLIST_KEY_UIMainStoryboardFile = Main;
				INFOPLIST_KEY_UISupportedInterfaceOrientations = "UIInterfaceOrientationPortrait UIInterfaceOrientationLandscapeLeft UIInterfaceOrientationLandscapeRight";
				INFOPLIST_KEY_UISupportedInterfaceOrientations_iPad = "UIInterfaceOrientationPortrait UIInterfaceOrientationPortraitUpsideDown UIInterfaceOrientationLandscapeLeft UIInterfaceOrientationLandscapeRight";
				IPHONEOS_DEPLOYMENT_TARGET = 16.6;
				LD_RUNPATH_SEARCH_PATHS = (
					"$(inherited)",
					"@executable_path/Frameworks",
				);
				MARKETING_VERSION = 1.0;
				OTHER_LDFLAGS = (
					"-framework",
					SafariServices,
					"-framework",
					WebKit,
				);
				PRODUCT_BUNDLE_IDENTIFIER = link.gulgle.Gulgle;
				PRODUCT_NAME = Gulgle;
				SDKROOT = iphoneos;
				STRING_CATALOG_GENERATE_SYMBOLS = YES;
				SWIFT_APPROACHABLE_CONCURRENCY = YES;
				SWIFT_DEFAULT_ACTOR_ISOLATION = MainActor;
				SWIFT_EMIT_LOC_STRINGS = YES;
				SWIFT_UPCOMING_FEATURE_MEMBER_IMPORT_VISIBILITY = YES;
				SWIFT_VERSION = 5.0;
				TARGETED_DEVICE_FAMILY = "1,2";
			};
			name = Debug;
		};
		6A00C0BA2EA8C12E009B29DF /* Release */ = {
			isa = XCBuildConfiguration;
			buildSettings = {
				ASSETCATALOG_COMPILER_APPICON_NAME = Gulgle;
				ASSETCATALOG_COMPILER_GLOBAL_ACCENT_COLOR_NAME = AccentColor;
				CODE_SIGN_ENTITLEMENTS = "Gulgle (iOS).entitlements";
				CODE_SIGN_STYLE = Automatic;
				CURRENT_PROJECT_VERSION = 1;
				DEVELOPMENT_TEAM = LD3QU8QFFS;
				GENERATE_INFOPLIST_FILE = YES;
				INFOPLIST_FILE = "iOS (App)/Info.plist";
				INFOPLIST_KEY_CFBundleDisplayName = Gulgle;
				INFOPLIST_KEY_ITSAppUsesNonExemptEncryption = NO;
				INFOPLIST_KEY_LSApplicationCategoryType = "public.app-category.utilities";
				INFOPLIST_KEY_UIApplicationSupportsIndirectInputEvents = YES;
				INFOPLIST_KEY_UILaunchStoryboardName = LaunchScreen;
				INFOPLIST_KEY_UIMainStoryboardFile = Main;
				INFOPLIST_KEY_UISupportedInterfaceOrientations = "UIInterfaceOrientationPortrait UIInterfaceOrientationLandscapeLeft UIInterfaceOrientationLandscapeRight";
				INFOPLIST_KEY_UISupportedInterfaceOrientations_iPad = "UIInterfaceOrientationPortrait UIInterfaceOrientationPortraitUpsideDown UIInterfaceOrientationLandscapeLeft UIInterfaceOrientationLandscapeRight";
				IPHONEOS_DEPLOYMENT_TARGET = 16.6;
				LD_RUNPATH_SEARCH_PATHS = (
					"$(inherited)",
					"@executable_path/Frameworks",
				);
				MARKETING_VERSION = 1.0;
				OTHER_LDFLAGS = (
					"-framework",
					SafariServices,
					"-framework",
					WebKit,
				);
				PRODUCT_BUNDLE_IDENTIFIER = link.gulgle.Gulgle;
				PRODUCT_NAME = Gulgle;
				SDKROOT = iphoneos;
				STRING_CATALOG_GENERATE_SYMBOLS = YES;
				SWIFT_APPROACHABLE_CONCURRENCY = YES;
				SWIFT_DEFAULT_ACTOR_ISOLATION = MainActor;
				SWIFT_EMIT_LOC_STRINGS = YES;
				SWIFT_UPCOMING_FEATURE_MEMBER_IMPORT_VISIBILITY = YES;
				SWIFT_VERSION = 5.0;
				TARGETED_DEVICE_FAMILY = "1,2";
				VALIDATE_PRODUCT = YES;
			};
			name = Release;
		};
		6A00C0BE2EA8C12E009B29DF /* Debug */ = {
			isa = XCBuildConfiguration;
			buildSettings = {
				CODE_SIGN_ENTITLEMENTS = "Gulgle Extension (macOS).entitlements";
				CODE_SIGN_STYLE = Automatic;
				CURRENT_PROJECT_VERSION = 1;
				DEVELOPMENT_TEAM = LD3QU8QFFS;
				ENABLE_APP_SANDBOX = YES;
				ENABLE_HARDENED_RUNTIME = YES;
				ENABLE_USER_SELECTED_FILES = readonly;
				GENERATE_INFOPLIST_FILE = YES;
				INFOPLIST_FILE = "macOS (Extension)/Info.plist";
				INFOPLIST_KEY_CFBundleDisplayName = "Gulgle Extension";
				INFOPLIST_KEY_NSHumanReadableCopyright = "";
				LD_RUNPATH_SEARCH_PATHS = (
					"$(inherited)",
					"@executable_path/../Frameworks",
					"@executable_path/../../../../Frameworks",
				);
				MACOSX_DEPLOYMENT_TARGET = 13.5;
				MARKETING_VERSION = 1.0;
				OTHER_LDFLAGS = (
					"-framework",
					SafariServices,
				);
				PRODUCT_BUNDLE_IDENTIFIER = link.gulgle.Gulgle.Extension;
				PRODUCT_NAME = "Gulgle Extension";
				REGISTER_APP_GROUPS = YES;
				SDKROOT = macosx;
				SKIP_INSTALL = YES;
				STRING_CATALOG_GENERATE_SYMBOLS = YES;
				SWIFT_APPROACHABLE_CONCURRENCY = YES;
				SWIFT_EMIT_LOC_STRINGS = YES;
				SWIFT_UPCOMING_FEATURE_MEMBER_IMPORT_VISIBILITY = YES;
				SWIFT_VERSION = 5.0;
			};
			name = Debug;
		};
		6A00C0BF2EA8C12E009B29DF /* Release */ = {
			isa = XCBuildConfiguration;
			buildSettings = {
				CODE_SIGN_ENTITLEMENTS = "Gulgle Extension (macOS).entitlements";
				CODE_SIGN_STYLE = Automatic;
				CURRENT_PROJECT_VERSION = 1;
				DEVELOPMENT_TEAM = LD3QU8QFFS;
				ENABLE_APP_SANDBOX = YES;
				ENABLE_HARDENED_RUNTIME = YES;
				ENABLE_USER_SELECTED_FILES = readonly;
				GENERATE_INFOPLIST_FILE = YES;
				INFOPLIST_FILE = "macOS (Extension)/Info.plist";
				INFOPLIST_KEY_CFBundleDisplayName = "Gulgle Extension";
				INFOPLIST_KEY_NSHumanReadableCopyright = "";
				LD_RUNPATH_SEARCH_PATHS = (
					"$(inherited)",
					"@executable_path/../Frameworks",
					"@executable_path/../../../../Frameworks",
				);
				MACOSX_DEPLOYMENT_TARGET = 13.5;
				MARKETING_VERSION = 1.0;
				OTHER_LDFLAGS = (
					"-framework",
					SafariServices,
				);
				PRODUCT_BUNDLE_IDENTIFIER = link.gulgle.Gulgle.Extension;
				PRODUCT_NAME = "Gulgle Extension";
				REGISTER_APP_GROUPS = YES;
				SDKROOT = macosx;
				SKIP_INSTALL = YES;
				STRING_CATALOG_GENERATE_SYMBOLS = YES;
				SWIFT_APPROACHABLE_CONCURRENCY = YES;
				SWIFT_EMIT_LOC_STRINGS = YES;
				SWIFT_UPCOMING_FEATURE_MEMBER_IMPORT_VISIBILITY = YES;
				SWIFT_VERSION = 5.0;
			};
			name = Release;
		};
		6A00C0C32EA8C12E009B29DF /* Debug */ = {
			isa = XCBuildConfiguration;
			buildSettings = {
				ASSETCATALOG_COMPILER_APPICON_NAME = Gulgle;
				ASSETCATALOG_COMPILER_GLOBAL_ACCENT_COLOR_NAME = AccentColor;
				CODE_SIGN_ENTITLEMENTS = "Gulgle (macOS).entitlements";
				CODE_SIGN_STYLE = Automatic;
				CURRENT_PROJECT_VERSION = 1;
				DEVELOPMENT_TEAM = LD3QU8QFFS;
				ENABLE_APP_SANDBOX = YES;
				ENABLE_HARDENED_RUNTIME = YES;
				ENABLE_OUTGOING_NETWORK_CONNECTIONS = YES;
				ENABLE_USER_SELECTED_FILES = readonly;
				GENERATE_INFOPLIST_FILE = YES;
				INFOPLIST_FILE = "Gulgle--macOS--Info.plist";
				INFOPLIST_KEY_CFBundleDisplayName = Gulgle;
				INFOPLIST_KEY_ITSAppUsesNonExemptEncryption = NO;
				INFOPLIST_KEY_LSApplicationCategoryType = "public.app-category.utilities";
				INFOPLIST_KEY_NSMainStoryboardFile = Main;
				INFOPLIST_KEY_NSPrincipalClass = NSApplication;
				LD_RUNPATH_SEARCH_PATHS = (
					"$(inherited)",
					"@executable_path/../Frameworks",
				);
				MACOSX_DEPLOYMENT_TARGET = 13.5;
				MARKETING_VERSION = 1.0;
				OTHER_LDFLAGS = (
					"-framework",
					SafariServices,
					"-framework",
					WebKit,
				);
				PRODUCT_BUNDLE_IDENTIFIER = link.gulgle.Gulgle;
				PRODUCT_NAME = Gulgle;
				REGISTER_APP_GROUPS = YES;
				SDKROOT = macosx;
				STRING_CATALOG_GENERATE_SYMBOLS = YES;
				SWIFT_APPROACHABLE_CONCURRENCY = YES;
				SWIFT_DEFAULT_ACTOR_ISOLATION = MainActor;
				SWIFT_EMIT_LOC_STRINGS = YES;
				SWIFT_UPCOMING_FEATURE_MEMBER_IMPORT_VISIBILITY = YES;
				SWIFT_VERSION = 5.0;
			};
			name = Debug;
		};
		6A00C0C42EA8C12E009B29DF /* Release */ = {
			isa = XCBuildConfiguration;
			buildSettings = {
				ASSETCATALOG_COMPILER_APPICON_NAME = Gulgle;
				ASSETCATALOG_COMPILER_GLOBAL_ACCENT_COLOR_NAME = AccentColor;
				CODE_SIGN_ENTITLEMENTS = "Gulgle (macOS).entitlements";
				CODE_SIGN_STYLE = Automatic;
				CURRENT_PROJECT_VERSION = 1;
				DEVELOPMENT_TEAM = LD3QU8QFFS;
				ENABLE_APP_SANDBOX = YES;
				ENABLE_HARDENED_RUNTIME = YES;
				ENABLE_OUTGOING_NETWORK_CONNECTIONS = YES;
				ENABLE_USER_SELECTED_FILES = readonly;
				GENERATE_INFOPLIST_FILE = YES;
				INFOPLIST_FILE = "Gulgle--macOS--Info.plist";
				INFOPLIST_KEY_CFBundleDisplayName = Gulgle;
				INFOPLIST_KEY_ITSAppUsesNonExemptEncryption = NO;
				INFOPLIST_KEY_LSApplicationCategoryType = "public.app-category.utilities";
				INFOPLIST_KEY_NSMainStoryboardFile = Main;
				INFOPLIST_KEY_NSPrincipalClass = NSApplication;
				LD_RUNPATH_SEARCH_PATHS = (
					"$(inherited)",
					"@executable_path/../Frameworks",
				);
				MACOSX_DEPLOYMENT_TARGET = 13.5;
				MARKETING_VERSION = 1.0;
				OTHER_LDFLAGS = (
					"-framework",
					SafariServices,
					"-framework",
					WebKit,
				);
				PRODUCT_BUNDLE_IDENTIFIER = link.gulgle.Gulgle;
				PRODUCT_NAME = Gulgle;
				REGISTER_APP_GROUPS = YES;
				SDKROOT = macosx;
				STRING_CATALOG_GENERATE_SYMBOLS = YES;
				SWIFT_APPROACHABLE_CONCURRENCY = YES;
				SWIFT_DEFAULT_ACTOR_ISOLATION = MainActor;
				SWIFT_EMIT_LOC_STRINGS = YES;
				SWIFT_UPCOMING_FEATURE_MEMBER_IMPORT_VISIBILITY = YES;
				SWIFT_VERSION = 5.0;
			};
			name = Release;
		};
		6A00C0C72EA8C12E009B29DF /* Debug */ = {
			isa = XCBuildConfiguration;
			buildSettings = {
				ALWAYS_SEARCH_USER_PATHS = NO;
				ASSETCATALOG_COMPILER_GENERATE_SWIFT_ASSET_SYMBOL_EXTENSIONS = YES;
				CLANG_ANALYZER_NONNULL = YES;
				CLANG_ANALYZER_NUMBER_OBJECT_CONVERSION = YES_AGGRESSIVE;
				CLANG_CXX_LANGUAGE_STANDARD = "gnu++20";
				CLANG_ENABLE_MODULES = YES;
				CLANG_ENABLE_OBJC_ARC = YES;
				CLANG_ENABLE_OBJC_WEAK = YES;
				CLANG_WARN_BLOCK_CAPTURE_AUTORELEASING = YES;
				CLANG_WARN_BOOL_CONVERSION = YES;
				CLANG_WARN_COMMA = YES;
				CLANG_WARN_CONSTANT_CONVERSION = YES;
				CLANG_WARN_DEPRECATED_OBJC_IMPLEMENTATIONS = YES;
				CLANG_WARN_DIRECT_OBJC_ISA_USAGE = YES_ERROR;
				CLANG_WARN_DOCUMENTATION_COMMENTS = YES;
				CLANG_WARN_EMPTY_BODY = YES;
				CLANG_WARN_ENUM_CONVERSION = YES;
				CLANG_WARN_INFINITE_RECURSION = YES;
				CLANG_WARN_INT_CONVERSION = YES;
				CLANG_WARN_NON_LITERAL_NULL_CONVERSION = YES;
				CLANG_WARN_OBJC_IMPLICIT_RETAIN_SELF = YES;
				CLANG_WARN_OBJC_LITERAL_CONVERSION = YES;
				CLANG_WARN_OBJC_ROOT_CLASS = YES_ERROR;
				CLANG_WARN_QUOTED_INCLUDE_IN_FRAMEWORK_HEADER = YES;
				CLANG_WARN_RANGE_LOOP_ANALYSIS = YES;
				CLANG_WARN_STRICT_PROTOTYPES = YES;
				CLANG_WARN_SUSPICIOUS_MOVE = YES;
				CLANG_WARN_UNGUARDED_AVAILABILITY = YES_AGGRESSIVE;
				CLANG_WARN_UNREACHABLE_CODE = YES;
				CLANG_WARN__DUPLICATE_METHOD_MATCH = YES;
				COPY_PHASE_STRIP = NO;
				DEBUG_INFORMATION_FORMAT = dwarf;
				DEVELOPMENT_TEAM = LD3QU8QFFS;
				ENABLE_STRICT_OBJC_MSGSEND = YES;
				ENABLE_TESTABILITY = YES;
				ENABLE_USER_SCRIPT_SANDBOXING = YES;
				GCC_C_LANGUAGE_STANDARD = gnu17;
				GCC_DYNAMIC_NO_PIC = NO;
				GCC_NO_COMMON_BLOCKS = YES;
				GCC_OPTIMIZATION_LEVEL = 0;
				GCC_PREPROCESSOR_DEFINITIONS = (
					"DEBUG=1",
					"$(inherited)",
				);
				GCC_WARN_64_TO_32_BIT_CONVERSION = YES;
				GCC_WARN_ABOUT_RETURN_TYPE = YES_ERROR;
				GCC_WARN_UNDECLARED_SELECTOR = YES;
				GCC_WARN_UNINITIALIZED_AUTOS = YES_AGGRESSIVE;
				GCC_WARN_UNUSED_FUNCTION = YES;
				GCC_WARN_UNUSED_VARIABLE = YES;
				LOCALIZATION_PREFERS_STRING_CATALOGS = YES;
				MTL_ENABLE_DEBUG_INFO = INCLUDE_SOURCE;
				MTL_FAST_MATH = YES;
				ONLY_ACTIVE_ARCH = YES;
				SWIFT_ACTIVE_COMPILATION_CONDITIONS = "DEBUG $(inherited)";
				SWIFT_OPTIMIZATION_LEVEL = "-Onone";
			};
			name = Debug;
		};
		6A00C0C82EA8C12E009B29DF /* Release */ = {
			isa = XCBuildConfiguration;
			buildSettings = {
				ALWAYS_SEARCH_USER_PATHS = NO;
				ASSETCATALOG_COMPILER_GENERATE_SWIFT_ASSET_SYMBOL_EXTENSIONS = YES;
				CLANG_ANALYZER_NONNULL = YES;
				CLANG_ANALYZER_NUMBER_OBJECT_CONVERSION = YES_AGGRESSIVE;
				CLANG_CXX_LANGUAGE_STANDARD = "gnu++20";
				CLANG_ENABLE_MODULES = YES;
				CLANG_ENABLE_OBJC_ARC = YES;
				CLANG_ENABLE_OBJC_WEAK = YES;
				CLANG_WARN_BLOCK_CAPTURE_AUTORELEASING = YES;
				CLANG_WARN_BOOL_CONVERSION = YES;
				CLANG_WARN_COMMA = YES;
				CLANG_WARN_CONSTANT_CONVERSION = YES;
				CLANG_WARN_DEPRECATED_OBJC_IMPLEMENTATIONS = YES;
				CLANG_WARN_DIRECT_OBJC_ISA_USAGE = YES_ERROR;
				CLANG_WARN_DOCUMENTATION_COMMENTS = YES;
				CLANG_WARN_EMPTY_BODY = YES;
				CLANG_WARN_ENUM_CONVERSION = YES;
				CLANG_WARN_INFINITE_RECURSION = YES;
				CLANG_WARN_INT_CONVERSION = YES;
				CLANG_WARN_NON_LITERAL_NULL_CONVERSION = YES;
				CLANG_WARN_OBJC_IMPLICIT_RETAIN_SELF = YES;
				CLANG_WARN_OBJC_LITERAL_CONVERSION = YES;
				CLANG_WARN_OBJC_ROOT_CLASS = YES_ERROR;
				CLANG_WARN_QUOTED_INCLUDE_IN_FRAMEWORK_HEADER = YES;
				CLANG_WARN_RANGE_LOOP_ANALYSIS = YES;
				CLANG_WARN_STRICT_PROTOTYPES = YES;
				CLANG_WARN_SUSPICIOUS_MOVE = YES;
				CLANG_WARN_UNGUARDED_AVAILABILITY = YES_AGGRESSIVE;
				CLANG_WARN_UNREACHABLE_CODE = YES;
				CLANG_WARN__DUPLICATE_METHOD_MATCH = YES;
				COPY_PHASE_STRIP = NO;
				DEBUG_INFORMATION_FORMAT = "dwarf-with-dsym";
				DEVELOPMENT_TEAM = LD3QU8QFFS;
				ENABLE_NS_ASSERTIONS = NO;
				ENABLE_STRICT_OBJC_MSGSEND = YES;
				ENABLE_USER_SCRIPT_SANDBOXING = YES;
				GCC_C_LANGUAGE_STANDARD = gnu17;
				GCC_NO_COMMON_BLOCKS = YES;
				GCC_WARN_64_TO_32_BIT_CONVERSION = YES;
				GCC_WARN_ABOUT_RETURN_TYPE = YES_ERROR;
				GCC_WARN_UNDECLARED_SELECTOR = YES;
				GCC_WARN_UNINITIALIZED_AUTOS = YES_AGGRESSIVE;
				GCC_WARN_UNUSED_FUNCTION = YES;
				GCC_WARN_UNUSED_VARIABLE = YES;
				LOCALIZATION_PREFERS_STRING_CATALOGS = YES;
				MTL_ENABLE_DEBUG_INFO = NO;
				MTL_FAST_MATH = YES;
				SWIFT_COMPILATION_MODE = wholemodule;
			};
			name = Release;
		};
/* End XCBuildConfiguration section */

/* Begin XCConfigurationList section */
		6A00C04E2EA8C12C009B29DF /* Build configuration list for PBXProject "Gulgle" */ = {
			isa = XCConfigurationList;
			buildConfigurations = (
				6A00C0C72EA8C12E009B29DF /* Debug */,
				6A00C0C82EA8C12E009B29DF /* Release */,
			);
			defaultConfigurationIsVisible = 0;
			defaultConfigurationName = Release;
		};
		6A00C0B32EA8C12E009B29DF /* Build configuration list for PBXNativeTarget "Gulgle Extension (iOS)" */ = {
			isa = XCConfigurationList;
			buildConfigurations = (
				6A00C0B42EA8C12E009B29DF /* Debug */,
				6A00C0B52EA8C12E009B29DF /* Release */,
			);
			defaultConfigurationIsVisible = 0;
			defaultConfigurationName = Release;
		};
		6A00C0B82EA8C12E009B29DF /* Build configuration list for PBXNativeTarget "Gulgle (iOS)" */ = {
			isa = XCConfigurationList;
			buildConfigurations = (
				6A00C0B92EA8C12E009B29DF /* Debug */,
				6A00C0BA2EA8C12E009B29DF /* Release */,
			);
			defaultConfigurationIsVisible = 0;
			defaultConfigurationName = Release;
		};
		6A00C0BD2EA8C12E009B29DF /* Build configuration list for PBXNativeTarget "Gulgle Extension (macOS)" */ = {
			isa = XCConfigurationList;
			buildConfigurations = (
				6A00C0BE2EA8C12E009B29DF /* Debug */,
				6A00C0BF2EA8C12E009B29DF /* Release */,
			);
			defaultConfigurationIsVisible = 0;
			defaultConfigurationName = Release;
		};
		6A00C0C22EA8C12E009B29DF /* Build configuration list for PBXNativeTarget "Gulgle (macOS)" */ = {
			isa = XCConfigurationList;
			buildConfigurations = (
				6A00C0C32EA8C12E009B29DF /* Debug */,
				6A00C0C42EA8C12E009B29DF /* Release */,
			);
			defaultConfigurationIsVisible = 0;
			defaultConfigurationName = Release;
		};
/* End XCConfigurationList section */
	};
	rootObject = 6A00C04B2EA8C12C009B29DF /* Project object */;
}
